
Microsoft Visual Studio Solution File, Format Version 12.00
# Visual Studio 15
VisualStudioVersion = 15.0.28307.572
MinimumVisualStudioVersion = 10.0.40219.1
Project("{FAE04EC0-301F-11D3-BF4B-00C04F79EFBC}") = "WeatherORama", "WeatherORama\WeatherORama.csproj", "{7AA611E7-9498-4F53-A81E-2524DAE55260}"
EndProject
Global
	GlobalSection(SolutionConfigurationPlatforms) = preSolution
		Debug|Any CPU = Debug|Any CPU
		Release|Any CPU = Release|Any CPU
	EndGlobalSection
	GlobalSection(ProjectConfigurationPlatforms) = postSolution
		{7AA611E7-9498-4F53-A81E-2524DAE55260}.Debug|Any CPU.ActiveCfg = Debug|Any CPU
		{7AA611E7-9498-4F53-A81E-2524DAE55260}.Debug|Any CPU.Build.0 = Debug|Any CPU
		{7AA611E7-9498-4F53-A81E-2524DAE55260}.Release|Any CPU.ActiveCfg = Release|Any CPU
		{7AA611E7-9498-4F53-A81E-2524DAE55260}.Release|Any CPU.Build.0 = Release|Any CPU
	EndGlobalSection
	GlobalSection(SolutionProperties) = preSolution
		HideSolutionNode = FALSE
	EndGlobalSection
	GlobalSection(ExtensibilityGlobals) = postSolution
		SolutionGuid = {2536E865-3705-42AB-99F1-6F7DAFF4255D}
	EndGlobalSection
EndGlobal
